
Microsoft Visual Studio Solution File, Format Version 12.00
# Visual Studio Version 17
VisualStudioVersion = 17.9.34616.47
MinimumVisualStudioVersion = 10.0.40219.1
Project("{FAE04EC0-301F-11D3-BF4B-00C04F79EFBC}") = "DependencyInjectionInCSharp", "DependencyInjectionInCSharp.csproj", "{6DA0D3F7-5C75-4AD6-900D-525F9DEAEFE4}"
EndProject
Global
	GlobalSection(SolutionConfigurationPlatforms) = preSolution
		Debug|Any CPU = Debug|Any CPU
		Release|Any CPU = Release|Any CPU
	EndGlobalSection
	GlobalSection(ProjectConfigurationPlatforms) = postSolution
		{6DA0D3F7-5C75-4AD6-900D-525F9DEAEFE4}.Debug|Any CPU.ActiveCfg = Debug|Any CPU
		{6DA0D3F7-5C75-4AD6-900D-525F9DEAEFE4}.Debug|Any CPU.Build.0 = Debug|Any CPU
		{6DA0D3F7-5C75-4AD6-900D-525F9DEAEFE4}.Release|Any CPU.ActiveCfg = Release|Any CPU
		{6DA0D3F7-5C75-4AD6-900D-525F9DEAEFE4}.Release|Any CPU.Build.0 = Release|Any CPU
	EndGlobalSection
	GlobalSection(SolutionProperties) = preSolution
		HideSolutionNode = FALSE
	EndGlobalSection
	GlobalSection(ExtensibilityGlobals) = postSolution
		SolutionGuid = {6C44661C-EAAA-481F-AC98-0CCB3407E341}
	EndGlobalSection
EndGlobal
